
Microsoft Visual Studio Solution File, Format Version 12.00
# Visual Studio Version 16
VisualStudioVersion = 16.0.30804.86
MinimumVisualStudioVersion = 10.0.40219.1
Project("{9A19103F-16F7-4668-BE54-9A1E7A4F7556}") = "Entity.KelimeOyunu", "ClassLibrary1\Entity.KelimeOyunu.csproj", "{C8E26433-3CBE-4B01-B6C6-D5A08A6B0D55}"
EndProject
Project("{9A19103F-16F7-4668-BE54-9A1E7A4F7556}") = "WebKelimeOyunu", "WebKelimeOyunu\WebKelimeOyunu.csproj", "{4E06DCFE-1FEA-4AC7-A7D0-54EDE570960D}"
EndProject
Project("{9A19103F-16F7-4668-BE54-9A1E7A4F7556}") = "DataAccesLayer", "DataAccesLayer\DataAccesLayer.csproj", "{CAC1CFAD-BB00-4C6F-9ECD-099C66C45746}"
EndProject
Project("{9A19103F-16F7-4668-BE54-9A1E7A4F7556}") = "BusinessLayer", "BusinessLayer\BusinessLayer.csproj", "{22C56EA9-A775-416C-BC32-55F6E3A1E055}"
EndProject
Project("{9A19103F-16F7-4668-BE54-9A1E7A4F7556}") = "CORE_HBKSOFTWARE", "CORE_HBKSOFTWARE\CORE_HBKSOFTWARE.csproj", "{9ED95EE7-0FE9-4984-A8C7-B8C8F8024664}"
EndProject
Global
	GlobalSection(SolutionConfigurationPlatforms) = preSolution
		Debug|Any CPU = Debug|Any CPU
		Release|Any CPU = Release|Any CPU
	EndGlobalSection
	GlobalSection(ProjectConfigurationPlatforms) = postSolution
		{C8E26433-3CBE-4B01-B6C6-D5A08A6B0D55}.Debug|Any CPU.ActiveCfg = Debug|Any CPU
		{C8E26433-3CBE-4B01-B6C6-D5A08A6B0D55}.Debug|Any CPU.Build.0 = Debug|Any CPU
		{C8E26433-3CBE-4B01-B6C6-D5A08A6B0D55}.Release|Any CPU.ActiveCfg = Release|Any CPU
		{C8E26433-3CBE-4B01-B6C6-D5A08A6B0D55}.Release|Any CPU.Build.0 = Release|Any CPU
		{4E06DCFE-1FEA-4AC7-A7D0-54EDE570960D}.Debug|Any CPU.ActiveCfg = Debug|Any CPU
		{4E06DCFE-1FEA-4AC7-A7D0-54EDE570960D}.Debug|Any CPU.Build.0 = Debug|Any CPU
		{4E06DCFE-1FEA-4AC7-A7D0-54EDE570960D}.Release|Any CPU.ActiveCfg = Release|Any CPU
		{4E06DCFE-1FEA-4AC7-A7D0-54EDE570960D}.Release|Any CPU.Build.0 = Release|Any CPU
		{CAC1CFAD-BB00-4C6F-9ECD-099C66C45746}.Debug|Any CPU.ActiveCfg = Debug|Any CPU
		{CAC1CFAD-BB00-4C6F-9ECD-099C66C45746}.Debug|Any CPU.Build.0 = Debug|Any CPU
		{CAC1CFAD-BB00-4C6F-9ECD-099C66C45746}.Release|Any CPU.ActiveCfg = Release|Any CPU
		{CAC1CFAD-BB00-4C6F-9ECD-099C66C45746}.Release|Any CPU.Build.0 = Release|Any CPU
		{22C56EA9-A775-416C-BC32-55F6E3A1E055}.Debug|Any CPU.ActiveCfg = Debug|Any CPU
		{22C56EA9-A775-416C-BC32-55F6E3A1E055}.Debug|Any CPU.Build.0 = Debug|Any CPU
		{22C56EA9-A775-416C-BC32-55F6E3A1E055}.Release|Any CPU.ActiveCfg = Release|Any CPU
		{22C56EA9-A775-416C-BC32-55F6E3A1E055}.Release|Any CPU.Build.0 = Release|Any CPU
		{9ED95EE7-0FE9-4984-A8C7-B8C8F8024664}.Debug|Any CPU.ActiveCfg = Debug|Any CPU
		{9ED95EE7-0FE9-4984-A8C7-B8C8F8024664}.Debug|Any CPU.Build.0 = Debug|Any CPU
		{9ED95EE7-0FE9-4984-A8C7-B8C8F8024664}.Release|Any CPU.ActiveCfg = Release|Any CPU
		{9ED95EE7-0FE9-4984-A8C7-B8C8F8024664}.Release|Any CPU.Build.0 = Release|Any CPU
	EndGlobalSection
	GlobalSection(SolutionProperties) = preSolution
		HideSolutionNode = FALSE
	EndGlobalSection
	GlobalSection(ExtensibilityGlobals) = postSolution
		SolutionGuid = {0E5A7A65-989E-45E4-BF78-B3CFF35AEE40}
	EndGlobalSection
EndGlobal
